// !$*UTF8*$!
{
	archiveVersion = 1;
	classes = {
	};
	objectVersion = 46;
	objects = {

/* Begin PBXBuildFile section */
		F60CDFE11B4638CC0018D54F /* main.m in Sources */ = {isa = PBXBuildFile; fileRef = F60CDFE01B4638CC0018D54F /* main.m */; };
		F60CDFE41B4638CC0018D54F /* AppDelegate.m in Sources */ = {isa = PBXBuildFile; fileRef = F60CDFE31B4638CC0018D54F /* AppDelegate.m */; };
		F60CDFE71B4638CC0018D54F /* _2_Tom_.xcdatamodeld in Sources */ = {isa = PBXBuildFile; fileRef = F60CDFE51B4638CC0018D54F /* _2_Tom_.xcdatamodeld */; };
		F60CDFEA1B4638CC0018D54F /* ViewController.m in Sources */ = {isa = PBXBuildFile; fileRef = F60CDFE91B4638CC0018D54F /* ViewController.m */; };
		F60CDFED1B4638CC0018D54F /* Main.storyboard in Resources */ = {isa = PBXBuildFile; fileRef = F60CDFEB1B4638CC0018D54F /* Main.storyboard */; };
		F60CDFEF1B4638CC0018D54F /* Images.xcassets in Resources */ = {isa = PBXBuildFile; fileRef = F60CDFEE1B4638CC0018D54F /* Images.xcassets */; };
		F60CDFF21B4638CC0018D54F /* LaunchScreen.xib in Resources */ = {isa = PBXBuildFile; fileRef = F60CDFF01B4638CC0018D54F /* LaunchScreen.xib */; };
		F60CDFFE1B4638CC0018D54F /* _2_Tom_Tests.m in Sources */ = {isa = PBXBuildFile; fileRef = F60CDFFD1B4638CC0018D54F /* _2_Tom_Tests.m */; };
/* End PBXBuildFile section */

/* Begin PBXContainerItemProxy section */
		F60CDFF81B4638CC0018D54F /* PBXContainerItemProxy */ = {
			isa = PBXContainerItemProxy;
			containerPortal = F60CDFD31B4638CC0018D54F /* Project object */;
			proxyType = 1;
			remoteGlobalIDString = F60CDFDA1B4638CC0018D54F;
			remoteInfo = "12.Tom猫";
		};
/* End PBXContainerItemProxy section */

/* Begin PBXFileReference section */
		F60CDFDB1B4638CC0018D54F /* 12.Tom猫.app */ = {isa = PBXFileReference; explicitFileType = wrapper.application; includeInIndex = 0; path = "12.Tom猫.app"; sourceTree = BUILT_PRODUCTS_DIR; };
		F60CDFDF1B4638CC0018D54F /* Info.plist */ = {isa = PBXFileReference; lastKnownFileType = text.plist.xml; path = Info.plist; sourceTree = "<group>"; };
		F60CDFE01B4638CC0018D54F /* main.m */ = {isa = PBXFileReference; lastKnownFileType = sourcecode.c.objc; path = main.m; sourceTree = "<group>"; };
		F60CDFE21B4638CC0018D54F /* AppDelegate.h */ = {isa = PBXFileReference; lastKnownFileType = sourcecode.c.h; path = AppDelegate.h; sourceTree = "<group>"; };
		F60CDFE31B4638CC0018D54F /* AppDelegate.m */ = {isa = PBXFileReference; lastKnownFileType = sourcecode.c.objc; path = AppDelegate.m; sourceTree = "<group>"; };
		F60CDFE61B4638CC0018D54F /* _2_Tom_.xcdatamodel */ = {isa = PBXFileReference; lastKnownFileType = wrapper.xcdatamodel; path = _2_Tom_.xcdatamodel; sourceTree = "<group>"; };
		F60CDFE81B4638CC0018D54F /* ViewController.h */ = {isa = PBXFileReference; lastKnownFileType = sourcecode.c.h; path = ViewController.h; sourceTree = "<group>"; };
		F60CDFE91B4638CC0018D54F /* ViewController.m */ = {isa = PBXFileReference; lastKnownFileType = sourcecode.c.objc; path = ViewController.m; sourceTree = "<group>"; };
		F60CDFEC1B4638CC0018D54F /* Base */ = {isa = PBXFileReference; lastKnownFileType = file.storyboard; name = Base; path = Base.lproj/Main.storyboard; sourceTree = "<group>"; };
		F60CDFEE1B4638CC0018D54F /* Images.xcassets */ = {isa = PBXFileReference; lastKnownFileType = folder.assetcatalog; path = Images.xcassets; sourceTree = "<group>"; };
		F60CDFF11B4638CC0018D54F /* Base */ = {isa = PBXFileReference; lastKnownFileType = file.xib; name = Base; path = Base.lproj/LaunchScreen.xib; sourceTree = "<group>"; };
		F60CDFF71B4638CC0018D54F /* 12.Tom猫Tests.xctest */ = {isa = PBXFileReference; explicitFileType = wrapper.cfbundle; includeInIndex = 0; path = "12.Tom猫Tests.xctest"; sourceTree = BUILT_PRODUCTS_DIR; };
		F60CDFFC1B4638CC0018D54F /* Info.plist */ = {isa = PBXFileReference; lastKnownFileType = text.plist.xml; path = Info.plist; sourceTree = "<group>"; };
		F60CDFFD1B4638CC0018D54F /* _2_Tom_Tests.m */ = {isa = PBXFileReference; lastKnownFileType = sourcecode.c.objc; path = _2_Tom_Tests.m; sourceTree = "<group>"; };
/* End PBXFileReference section */

/* Begin PBXFrameworksBuildPhase section */
		F60CDFD81B4638CC0018D54F /* Frameworks */ = {
			isa = PBXFrameworksBuildPhase;
			buildActionMask = 2147483647;
			files = (
			);
			runOnlyForDeploymentPostprocessing = 0;
		};
		F60CDFF41B4638CC0018D54F /* Frameworks */ = {
			isa = PBXFrameworksBuildPhase;
			buildActionMask = 2147483647;
			files = (
			);
			runOnlyForDeploymentPostprocessing = 0;
		};
/* End PBXFrameworksBuildPhase section */

/* Begin PBXGroup section */
		F60CDFD21B4638CC0018D54F = {
			isa = PBXGroup;
			children = (
				F60CDFDD1B4638CC0018D54F /* 12.Tom猫 */,
				F60CDFFA1B4638CC0018D54F /* 12.Tom猫Tests */,
				F60CDFDC1B4638CC0018D54F /* Products */,
			);
			sourceTree = "<group>";
		};
		F60CDFDC1B4638CC0018D54F /* Products */ = {
			isa = PBXGroup;
			children = (
				F60CDFDB1B4638CC0018D54F /* 12.Tom猫.app */,
				F60CDFF71B4638CC0018D54F /* 12.Tom猫Tests.xctest */,
			);
			name = Products;
			sourceTree = "<group>";
		};
		F60CDFDD1B4638CC0018D54F /* 12.Tom猫 */ = {
			isa = PBXGroup;
			children = (
				F60CDFE21B4638CC0018D54F /* AppDelegate.h */,
				F60CDFE31B4638CC0018D54F /* AppDelegate.m */,
				F60CDFE81B4638CC0018D54F /* ViewController.h */,
				F60CDFE91B4638CC0018D54F /* ViewController.m */,
				F60CDFEB1B4638CC0018D54F /* Main.storyboard */,
				F60CDFEE1B4638CC0018D54F /* Images.xcassets */,
				F60CDFF01B4638CC0018D54F /* LaunchScreen.xib */,
				F60CDFE51B4638CC0018D54F /* _2_Tom_.xcdatamodeld */,
				F60CDFDE1B4638CC0018D54F /* Supporting Files */,
			);
			path = "12.Tom猫";
			sourceTree = "<group>";
		};
		F60CDFDE1B4638CC0018D54F /* Supporting Files */ = {
			isa = PBXGroup;
			children = (
				F60CDFDF1B4638CC0018D54F /* Info.plist */,
				F60CDFE01B4638CC0018D54F /* main.m */,
			);
			name = "Supporting Files";
			sourceTree = "<group>";
		};
		F60CDFFA1B4638CC0018D54F /* 12.Tom猫Tests */ = {
			isa = PBXGroup;
			children = (
				F60CDFFD1B4638CC0018D54F /* _2_Tom_Tests.m */,
				F60CDFFB1B4638CC0018D54F /* Supporting Files */,
			);
			path = "12.Tom猫Tests";
			sourceTree = "<group>";
		};
		F60CDFFB1B4638CC0018D54F /* Supporting Files */ = {
			isa = PBXGroup;
			children = (
				F60CDFFC1B4638CC0018D54F /* Info.plist */,
			);
			name = "Supporting Files";
			sourceTree = "<group>";
		};
/* End PBXGroup section */

/* Begin PBXNativeTarget section */
		F60CDFDA1B4638CC0018D54F /* 12.Tom猫 */ = {
			isa = PBXNativeTarget;
			buildConfigurationList = F60CE0011B4638CC0018D54F /* Build configuration list for PBXNativeTarget "12.Tom猫" */;
			buildPhases = (
				F60CDFD71B4638CC0018D54F /* Sources */,
				F60CDFD81B4638CC0018D54F /* Frameworks */,
				F60CDFD91B4638CC0018D54F /* Resources */,
			);
			buildRules = (
			);
			dependencies = (
			);
			name = "12.Tom猫";
			productName = "12.Tom猫";
			productReference = F60CDFDB1B4638CC0018D54F /* 12.Tom猫.app */;
			productType = "com.apple.product-type.application";
		};
		F60CDFF61B4638CC0018D54F /* 12.Tom猫Tests */ = {
			isa = PBXNativeTarget;
			buildConfigurationList = F60CE0041B4638CC0018D54F /* Build configuration list for PBXNativeTarget "12.Tom猫Tests" */;
			buildPhases = (
				F60CDFF31B4638CC0018D54F /* Sources */,
				F60CDFF41B4638CC0018D54F /* Frameworks */,
				F60CDFF51B4638CC0018D54F /* Resources */,
			);
			buildRules = (
			);
			dependencies = (
				F60CDFF91B4638CC0018D54F /* PBXTargetDependency */,
			);
			name = "12.Tom猫Tests";
			productName = "12.Tom猫Tests";
			productReference = F60CDFF71B4638CC0018D54F /* 12.Tom猫Tests.xctest */;
			productType = "com.apple.product-type.bundle.unit-test";
		};
/* End PBXNativeTarget section */

/* Begin PBXProject section */
		F60CDFD31B4638CC0018D54F /* Project object */ = {
			isa = PBXProject;
			attributes = {
				LastUpgradeCheck = 0630;
				ORGANIZATIONNAME = "罗鲣";
				TargetAttributes = {
					F60CDFDA1B4638CC0018D54F = {
						CreatedOnToolsVersion = 6.3.1;
					};
					F60CDFF61B4638CC0018D54F = {
						CreatedOnToolsVersion = 6.3.1;
						TestTargetID = F60CDFDA1B4638CC0018D54F;
					};
				};
			};
			buildConfigurationList = F60CDFD61B4638CC0018D54F /* Build configuration list for PBXProject "12.Tom猫" */;
			compatibilityVersion = "Xcode 3.2";
			developmentRegion = English;
			hasScannedForEncodings = 0;
			knownRegions = (
				en,
				Base,
			);
			mainGroup = F60CDFD21B4638CC0018D54F;
			productRefGroup = F60CDFDC1B4638CC0018D54F /* Products */;
			projectDirPath = "";
			projectRoot = "";
			targets = (
				F60CDFDA1B4638CC0018D54F /* 12.Tom猫 */,
				F60CDFF61B4638CC0018D54F /* 12.Tom猫Tests */,
			);
		};
/* End PBXProject section */

/* Begin PBXResourcesBuildPhase section */
		F60CDFD91B4638CC0018D54F /* Resources */ = {
			isa = PBXResourcesBuildPhase;
			buildActionMask = 2147483647;
			files = (
				F60CDFED1B4638CC0018D54F /* Main.storyboard in Resources */,
				F60CDFF21B4638CC0018D54F /* LaunchScreen.xib in Resources */,
				F60CDFEF1B4638CC0018D54F /* Images.xcassets in Resources */,
			);
			runOnlyForDeploymentPostprocessing = 0;
		};
		F60CDFF51B4638CC0018D54F /* Resources */ = {
			isa = PBXResourcesBuildPhase;
			buildActionMask = 2147483647;
			files = (
			);
			runOnlyForDeploymentPostprocessing = 0;
		};
/* End PBXResourcesBuildPhase section */

/* Begin PBXSourcesBuildPhase section */
		F60CDFD71B4638CC0018D54F /* Sources */ = {
			isa = PBXSourcesBuildPhase;
			buildActionMask = 2147483647;
			files = (
				F60CDFE41B4638CC0018D54F /* AppDelegate.m in Sources */,
				F60CDFE71B4638CC0018D54F /* _2_Tom_.xcdatamodeld in Sources */,
				F60CDFEA1B4638CC0018D54F /* ViewController.m in Sources */,
				F60CDFE11B4638CC0018D54F /* main.m in Sources */,
			);
			runOnlyForDeploymentPostprocessing = 0;
		};
		F60CDFF31B4638CC0018D54F /* Sources */ = {
			isa = PBXSourcesBuildPhase;
			buildActionMask = 2147483647;
			files = (
				F60CDFFE1B4638CC0018D54F /* _2_Tom_Tests.m in Sources */,
			);
			runOnlyForDeploymentPostprocessing = 0;
		};
/* End PBXSourcesBuildPhase section */

/* Begin PBXTargetDependency section */
		F60CDFF91B4638CC0018D54F /* PBXTargetDependency */ = {
			isa = PBXTargetDependency;
			target = F60CDFDA1B4638CC0018D54F /* 12.Tom猫 */;
			targetProxy = F60CDFF81B4638CC0018D54F /* PBXContainerItemProxy */;
		};
/* End PBXTargetDependency section */

/* Begin PBXVariantGroup section */
		F60CDFEB1B4638CC0018D54F /* Main.storyboard */ = {
			isa = PBXVariantGroup;
			children = (
				F60CDFEC1B4638CC0018D54F /* Base */,
			);
			name = Main.storyboard;
			sourceTree = "<group>";
		};
		F60CDFF01B4638CC0018D54F /* LaunchScreen.xib */ = {
			isa = PBXVariantGroup;
			children = (
				F60CDFF11B4638CC0018D54F /* Base */,
			);
			name = LaunchScreen.xib;
			sourceTree = "<group>";
		};
/* End PBXVariantGroup section */

/* Begin XCBuildConfiguration section */
		F60CDFFF1B4638CC0018D54F /* Debug */ = {
			isa = XCBuildConfiguration;
			buildSettings = {
				ALWAYS_SEARCH_USER_PATHS = NO;
				CLANG_CXX_LANGUAGE_STANDARD = "gnu++0x";
				CLANG_CXX_LIBRARY = "libc++";
				CLANG_ENABLE_MODULES = YES;
				CLANG_ENABLE_OBJC_ARC = YES;
				CLANG_WARN_BOOL_CONVERSION = YES;
				CLANG_WARN_CONSTANT_CONVERSION = YES;
				CLANG_WARN_DIRECT_OBJC_ISA_USAGE = YES_ERROR;
				CLANG_WARN_EMPTY_BODY = YES;
				CLANG_WARN_ENUM_CONVERSION = YES;
				CLANG_WARN_INT_CONVERSION = YES;
				CLANG_WARN_OBJC_ROOT_CLASS = YES_ERROR;
				CLANG_WARN_UNREACHABLE_CODE = YES;
				CLANG_WARN__DUPLICATE_METHOD_MATCH = YES;
				"CODE_SIGN_IDENTITY[sdk=iphoneos*]" = "iPhone Developer";
				COPY_PHASE_STRIP = NO;
				DEBUG_INFORMATION_FORMAT = "dwarf-with-dsym";
				ENABLE_STRICT_OBJC_MSGSEND = YES;
				GCC_C_LANGUAGE_STANDARD = gnu99;
				GCC_DYNAMIC_NO_PIC = NO;
				GCC_NO_COMMON_BLOCKS = YES;
				GCC_OPTIMIZATION_LEVEL = 0;
				GCC_PREPROCESSOR_DEFINITIONS = (
					"DEBUG=1",
					"$(inherited)",
				);
				GCC_SYMBOLS_PRIVATE_EXTERN = NO;
				GCC_WARN_64_TO_32_BIT_CONVERSION = YES;
				GCC_WARN_ABOUT_RETURN_TYPE = YES_ERROR;
				GCC_WARN_UNDECLARED_SELECTOR = YES;
				GCC_WARN_UNINITIALIZED_AUTOS = YES_AGGRESSIVE;
				GCC_WARN_UNUSED_FUNCTION = YES;
				GCC_WARN_UNUSED_VARIABLE = YES;
				IPHONEOS_DEPLOYMENT_TARGET = 8.3;
				MTL_ENABLE_DEBUG_INFO = YES;
				ONLY_ACTIVE_ARCH = YES;
				SDKROOT = iphoneos;
			};
			name = Debug;
		};
		F60CE0001B4638CC0018D54F /* Release */ = {
			isa = XCBuildConfiguration;
			buildSettings = {
				ALWAYS_SEARCH_USER_PATHS = NO;
				CLANG_CXX_LANGUAGE_STANDARD = "gnu++0x";
				CLANG_CXX_LIBRARY = "libc++";
				CLANG_ENABLE_MODULES = YES;
				CLANG_ENABLE_OBJC_ARC = YES;
				CLANG_WARN_BOOL_CONVERSION = YES;
				CLANG_WARN_CONSTANT_CONVERSION = YES;
				CLANG_WARN_DIRECT_OBJC_ISA_USAGE = YES_ERROR;
				CLANG_WARN_EMPTY_BODY = YES;
				CLANG_WARN_ENUM_CONVERSION = YES;
				CLANG_WARN_INT_CONVERSION = YES;
				CLANG_WARN_OBJC_ROOT_CLASS = YES_ERROR;
				CLANG_WARN_UNREACHABLE_CODE = YES;
				CLANG_WARN__DUPLICATE_METHOD_MATCH = YES;
				"CODE_SIGN_IDENTITY[sdk=iphoneos*]" = "iPhone Developer";
				COPY_PHASE_STRIP = NO;
				DEBUG_INFORMATION_FORMAT = "dwarf-with-dsym";
				ENABLE_NS_ASSERTIONS = NO;
				ENABLE_STRICT_OBJC_MSGSEND = YES;
				GCC_C_LANGUAGE_STANDARD = gnu99;
				GCC_NO_COMMON_BLOCKS = YES;
				GCC_WARN_64_TO_32_BIT_CONVERSION = YES;
				GCC_WARN_ABOUT_RETURN_TYPE = YES_ERROR;
				GCC_WARN_UNDECLARED_SELECTOR = YES;
				GCC_WARN_UNINITIALIZED_AUTOS = YES_AGGRESSIVE;
				GCC_WARN_UNUSED_FUNCTION = YES;
				GCC_WARN_UNUSED_VARIABLE = YES;
				IPHONEOS_DEPLOYMENT_TARGET = 8.3;
				MTL_ENABLE_DEBUG_INFO = NO;
				SDKROOT = iphoneos;
				VALIDATE_PRODUCT = YES;
			};
			name = Release;
		};
		F60CE0021B4638CC0018D54F /* Debug */ = {
			isa = XCBuildConfiguration;
			buildSettings = {
				ASSETCATALOG_COMPILER_APPICON_NAME = AppIcon;
				INFOPLIST_FILE = "12.Tom猫/Info.plist";
				LD_RUNPATH_SEARCH_PATHS = "$(inherited) @executable_path/Frameworks";
				PRODUCT_NAME = "$(TARGET_NAME)";
			};
			name = Debug;
		};
		F60CE0031B4638CC0018D54F /* Release */ = {
			isa = XCBuildConfiguration;
			buildSettings = {
				ASSETCATALOG_COMPILER_APPICON_NAME = AppIcon;
				INFOPLIST_FILE = "12.Tom猫/Info.plist";
				LD_RUNPATH_SEARCH_PATHS = "$(inherited) @executable_path/Frameworks";
				PRODUCT_NAME = "$(TARGET_NAME)";
			};
			name = Release;
		};
		F60CE0051B4638CC0018D54F /* Debug */ = {
			isa = XCBuildConfiguration;
			buildSettings = {
				BUNDLE_LOADER = "$(TEST_HOST)";
				FRAMEWORK_SEARCH_PATHS = (
					"$(SDKROOT)/Developer/Library/Frameworks",
					"$(inherited)",
				);
				GCC_PREPROCESSOR_DEFINITIONS = (
					"DEBUG=1",
					"$(inherited)",
				);
				INFOPLIST_FILE = "12.Tom猫Tests/Info.plist";
				LD_RUNPATH_SEARCH_PATHS = "$(inherited) @executable_path/Frameworks @loader_path/Frameworks";
				PRODUCT_NAME = "$(TARGET_NAME)";
				TEST_HOST = "$(BUILT_PRODUCTS_DIR)/12.Tom猫.app/12.Tom猫";
			};
			name = Debug;
		};
		F60CE0061B4638CC0018D54F /* Release */ = {
			isa = XCBuildConfiguration;
			buildSettings = {
				BUNDLE_LOADER = "$(TEST_HOST)";
				FRAMEWORK_SEARCH_PATHS = (
					"$(SDKROOT)/Developer/Library/Frameworks",
					"$(inherited)",
				);
				INFOPLIST_FILE = "12.Tom猫Tests/Info.plist";
				LD_RUNPATH_SEARCH_PATHS = "$(inherited) @executable_path/Frameworks @loader_path/Frameworks";
				PRODUCT_NAME = "$(TARGET_NAME)";
				TEST_HOST = "$(BUILT_PRODUCTS_DIR)/12.Tom猫.app/12.Tom猫";
			};
			name = Release;
		};
/* End XCBuildConfiguration section */

/* Begin XCConfigurationList section */
		F60CDFD61B4638CC0018D54F /* Build configuration list for PBXProject "12.Tom猫" */ = {
			isa = XCConfigurationList;
			buildConfigurations = (
				F60CDFFF1B4638CC0018D54F /* Debug */,
				F60CE0001B4638CC0018D54F /* Release */,
			);
			defaultConfigurationIsVisible = 0;
			defaultConfigurationName = Release;
		};
		F60CE0011B4638CC0018D54F /* Build configuration list for PBXNativeTarget "12.Tom猫" */ = {
			isa = XCConfigurationList;
			buildConfigurations = (
				F60CE0021B4638CC0018D54F /* Debug */,
				F60CE0031B4638CC0018D54F /* Release */,
			);
			defaultConfigurationIsVisible = 0;
		};
		F60CE0041B4638CC0018D54F /* Build configuration list for PBXNativeTarget "12.Tom猫Tests" */ = {
			isa = XCConfigurationList;
			buildConfigurations = (
				F60CE0051B4638CC0018D54F /* Debug */,
				F60CE0061B4638CC0018D54F /* Release */,
			);
			defaultConfigurationIsVisible = 0;
		};
/* End XCConfigurationList section */

/* Begin XCVersionGroup section */
		F60CDFE51B4638CC0018D54F /* _2_Tom_.xcdatamodeld */ = {
			isa = XCVersionGroup;
			children = (
				F60CDFE61B4638CC0018D54F /* _2_Tom_.xcdatamodel */,
			);
			currentVersion = F60CDFE61B4638CC0018D54F /* _2_Tom_.xcdatamodel */;
			path = _2_Tom_.xcdatamodeld;
			sourceTree = "<group>";
			versionGroupType = wrapper.xcdatamodel;
		};
/* End XCVersionGroup section */
	};
	rootObject = F60CDFD31B4638CC0018D54F /* Project object */;
}
